// !$*UTF8*$!
{
	archiveVersion = 1;
	classes = {
	};
	objectVersion = 56;
	objects = {

/* Begin PBXBuildFile section */
		092563B3972B65A763339F73 /* Pods_Capstone.framework in Frameworks */ = {isa = PBXBuildFile; fileRef = 6FF0FCEF9F19C8452ED89F71 /* Pods_Capstone.framework */; };
		5CA45A195C6832D9B7018CD0 /* Pods_Capstone_CapstoneUITests.framework in Frameworks */ = {isa = PBXBuildFile; fileRef = 29841BFE51E87FD3F6A20846 /* Pods_Capstone_CapstoneUITests.framework */; };
		70CE33F0ECD15A9A617A0B30 /* Pods_CapstoneTests.framework in Frameworks */ = {isa = PBXBuildFile; fileRef = 37052E9096173F6D0FFA5079 /* Pods_CapstoneTests.framework */; };
		843AA8C9295388FA0081FEF4 /* CapstoneApp.swift in Sources */ = {isa = PBXBuildFile; fileRef = 843AA8C8295388FA0081FEF4 /* CapstoneApp.swift */; };
		843AA8CB295388FA0081FEF4 /* ContentView.swift in Sources */ = {isa = PBXBuildFile; fileRef = 843AA8CA295388FA0081FEF4 /* ContentView.swift */; };
		843AA8CD295388FA0081FEF4 /* Assets.xcassets in Resources */ = {isa = PBXBuildFile; fileRef = 843AA8CC295388FA0081FEF4 /* Assets.xcassets */; };
		843AA8D0295388FA0081FEF4 /* Preview Assets.xcassets in Resources */ = {isa = PBXBuildFile; fileRef = 843AA8CF295388FA0081FEF4 /* Preview Assets.xcassets */; };
		843AA8DA295388FA0081FEF4 /* CapstoneTests.swift in Sources */ = {isa = PBXBuildFile; fileRef = 843AA8D9295388FA0081FEF4 /* CapstoneTests.swift */; };
		843AA8E4295388FA0081FEF4 /* CapstoneUITests.swift in Sources */ = {isa = PBXBuildFile; fileRef = 843AA8E3295388FA0081FEF4 /* CapstoneUITests.swift */; };
		843AA8E6295388FA0081FEF4 /* CapstoneUITestsLaunchTests.swift in Sources */ = {isa = PBXBuildFile; fileRef = 843AA8E5295388FA0081FEF4 /* CapstoneUITestsLaunchTests.swift */; };
		8486C6602968C75F00C98B4C /* BluetoothCore.swift in Sources */ = {isa = PBXBuildFile; fileRef = 8486C65F2968C75F00C98B4C /* BluetoothCore.swift */; };
/* End PBXBuildFile section */

/* Begin PBXContainerItemProxy section */
		843AA8D6295388FA0081FEF4 /* PBXContainerItemProxy */ = {
			isa = PBXContainerItemProxy;
			containerPortal = 843AA8BD295388FA0081FEF4 /* Project object */;
			proxyType = 1;
			remoteGlobalIDString = 843AA8C4295388FA0081FEF4;
			remoteInfo = Capstone;
		};
		843AA8E0295388FA0081FEF4 /* PBXContainerItemProxy */ = {
			isa = PBXContainerItemProxy;
			containerPortal = 843AA8BD295388FA0081FEF4 /* Project object */;
			proxyType = 1;
			remoteGlobalIDString = 843AA8C4295388FA0081FEF4;
			remoteInfo = Capstone;
		};
/* End PBXContainerItemProxy section */

/* Begin PBXFileReference section */
		29841BFE51E87FD3F6A20846 /* Pods_Capstone_CapstoneUITests.framework */ = {isa = PBXFileReference; explicitFileType = wrapper.framework; includeInIndex = 0; path = Pods_Capstone_CapstoneUITests.framework; sourceTree = BUILT_PRODUCTS_DIR; };
		2C0DA246278988E351A227AF /* Pods-CapstoneTests.debug.xcconfig */ = {isa = PBXFileReference; includeInIndex = 1; lastKnownFileType = text.xcconfig; name = "Pods-CapstoneTests.debug.xcconfig"; path = "Target Support Files/Pods-CapstoneTests/Pods-CapstoneTests.debug.xcconfig"; sourceTree = "<group>"; };
		37052E9096173F6D0FFA5079 /* Pods_CapstoneTests.framework */ = {isa = PBXFileReference; explicitFileType = wrapper.framework; includeInIndex = 0; path = Pods_CapstoneTests.framework; sourceTree = BUILT_PRODUCTS_DIR; };
		68A4882CD4B26BA1A8FB0463 /* Pods-Capstone-CapstoneUITests.debug.xcconfig */ = {isa = PBXFileReference; includeInIndex = 1; lastKnownFileType = text.xcconfig; name = "Pods-Capstone-CapstoneUITests.debug.xcconfig"; path = "Target Support Files/Pods-Capstone-CapstoneUITests/Pods-Capstone-CapstoneUITests.debug.xcconfig"; sourceTree = "<group>"; };
		6FF0FCEF9F19C8452ED89F71 /* Pods_Capstone.framework */ = {isa = PBXFileReference; explicitFileType = wrapper.framework; includeInIndex = 0; path = Pods_Capstone.framework; sourceTree = BUILT_PRODUCTS_DIR; };
		843AA8C5295388FA0081FEF4 /* Capstone.app */ = {isa = PBXFileReference; explicitFileType = wrapper.application; includeInIndex = 0; path = Capstone.app; sourceTree = BUILT_PRODUCTS_DIR; };
		843AA8C8295388FA0081FEF4 /* CapstoneApp.swift */ = {isa = PBXFileReference; lastKnownFileType = sourcecode.swift; path = CapstoneApp.swift; sourceTree = "<group>"; };
		843AA8CA295388FA0081FEF4 /* ContentView.swift */ = {isa = PBXFileReference; lastKnownFileType = sourcecode.swift; path = ContentView.swift; sourceTree = "<group>"; };
		843AA8CC295388FA0081FEF4 /* Assets.xcassets */ = {isa = PBXFileReference; lastKnownFileType = folder.assetcatalog; path = Assets.xcassets; sourceTree = "<group>"; };
		843AA8CF295388FA0081FEF4 /* Preview Assets.xcassets */ = {isa = PBXFileReference; lastKnownFileType = folder.assetcatalog; path = "Preview Assets.xcassets"; sourceTree = "<group>"; };
		843AA8D5295388FA0081FEF4 /* CapstoneTests.xctest */ = {isa = PBXFileReference; explicitFileType = wrapper.cfbundle; includeInIndex = 0; path = CapstoneTests.xctest; sourceTree = BUILT_PRODUCTS_DIR; };
		843AA8D9295388FA0081FEF4 /* CapstoneTests.swift */ = {isa = PBXFileReference; lastKnownFileType = sourcecode.swift; path = CapstoneTests.swift; sourceTree = "<group>"; };
		843AA8DF295388FA0081FEF4 /* CapstoneUITests.xctest */ = {isa = PBXFileReference; explicitFileType = wrapper.cfbundle; includeInIndex = 0; path = CapstoneUITests.xctest; sourceTree = BUILT_PRODUCTS_DIR; };
		843AA8E3295388FA0081FEF4 /* CapstoneUITests.swift */ = {isa = PBXFileReference; lastKnownFileType = sourcecode.swift; path = CapstoneUITests.swift; sourceTree = "<group>"; };
		843AA8E5295388FA0081FEF4 /* CapstoneUITestsLaunchTests.swift */ = {isa = PBXFileReference; lastKnownFileType = sourcecode.swift; path = CapstoneUITestsLaunchTests.swift; sourceTree = "<group>"; };
		8486C65F2968C75F00C98B4C /* BluetoothCore.swift */ = {isa = PBXFileReference; lastKnownFileType = sourcecode.swift; path = BluetoothCore.swift; sourceTree = "<group>"; };
		8A100B3E73CB00DCD5A4999F /* Pods-Capstone-CapstoneUITests.release.xcconfig */ = {isa = PBXFileReference; includeInIndex = 1; lastKnownFileType = text.xcconfig; name = "Pods-Capstone-CapstoneUITests.release.xcconfig"; path = "Target Support Files/Pods-Capstone-CapstoneUITests/Pods-Capstone-CapstoneUITests.release.xcconfig"; sourceTree = "<group>"; };
		8CDC1BF2866900943C06D4F1 /* Pods-Capstone.release.xcconfig */ = {isa = PBXFileReference; includeInIndex = 1; lastKnownFileType = text.xcconfig; name = "Pods-Capstone.release.xcconfig"; path = "Target Support Files/Pods-Capstone/Pods-Capstone.release.xcconfig"; sourceTree = "<group>"; };
		AF4AFF396BD462FBECE427A8 /* Pods-CapstoneTests.release.xcconfig */ = {isa = PBXFileReference; includeInIndex = 1; lastKnownFileType = text.xcconfig; name = "Pods-CapstoneTests.release.xcconfig"; path = "Target Support Files/Pods-CapstoneTests/Pods-CapstoneTests.release.xcconfig"; sourceTree = "<group>"; };
		FA289145898DD914B7497CBD /* Pods-Capstone.debug.xcconfig */ = {isa = PBXFileReference; includeInIndex = 1; lastKnownFileType = text.xcconfig; name = "Pods-Capstone.debug.xcconfig"; path = "Target Support Files/Pods-Capstone/Pods-Capstone.debug.xcconfig"; sourceTree = "<group>"; };
/* End PBXFileReference section */

/* Begin PBXFrameworksBuildPhase section */
		843AA8C2295388FA0081FEF4 /* Frameworks */ = {
			isa = PBXFrameworksBuildPhase;
			buildActionMask = 2147483647;
			files = (
				092563B3972B65A763339F73 /* Pods_Capstone.framework in Frameworks */,
			);
			runOnlyForDeploymentPostprocessing = 0;
		};
		843AA8D2295388FA0081FEF4 /* Frameworks */ = {
			isa = PBXFrameworksBuildPhase;
			buildActionMask = 2147483647;
			files = (
				70CE33F0ECD15A9A617A0B30 /* Pods_CapstoneTests.framework in Frameworks */,
			);
			runOnlyForDeploymentPostprocessing = 0;
		};
		843AA8DC295388FA0081FEF4 /* Frameworks */ = {
			isa = PBXFrameworksBuildPhase;
			buildActionMask = 2147483647;
			files = (
				5CA45A195C6832D9B7018CD0 /* Pods_Capstone_CapstoneUITests.framework in Frameworks */,
			);
			runOnlyForDeploymentPostprocessing = 0;
		};
/* End PBXFrameworksBuildPhase section */

/* Begin PBXGroup section */
		619321367FA1CB89D423B025 /* Frameworks */ = {
			isa = PBXGroup;
			children = (
				6FF0FCEF9F19C8452ED89F71 /* Pods_Capstone.framework */,
				29841BFE51E87FD3F6A20846 /* Pods_Capstone_CapstoneUITests.framework */,
				37052E9096173F6D0FFA5079 /* Pods_CapstoneTests.framework */,
			);
			name = Frameworks;
			sourceTree = "<group>";
		};
		843AA8BC295388FA0081FEF4 = {
			isa = PBXGroup;
			children = (
				843AA8C7295388FA0081FEF4 /* Capstone */,
				843AA8D8295388FA0081FEF4 /* CapstoneTests */,
				843AA8E2295388FA0081FEF4 /* CapstoneUITests */,
				843AA8C6295388FA0081FEF4 /* Products */,
				C2E18074ED4EDEB5F4EDC725 /* Pods */,
				619321367FA1CB89D423B025 /* Frameworks */,
			);
			sourceTree = "<group>";
		};
		843AA8C6295388FA0081FEF4 /* Products */ = {
			isa = PBXGroup;
			children = (
				843AA8C5295388FA0081FEF4 /* Capstone.app */,
				843AA8D5295388FA0081FEF4 /* CapstoneTests.xctest */,
				843AA8DF295388FA0081FEF4 /* CapstoneUITests.xctest */,
			);
			name = Products;
			sourceTree = "<group>";
		};
		843AA8C7295388FA0081FEF4 /* Capstone */ = {
			isa = PBXGroup;
			children = (
				8486C65E2968C73500C98B4C /* Resources */,
				8486C65D2968C72000C98B4C /* Main */,
				8486C65C2968C71700C98B4C /* Bluetooth */,
				843AA8CE295388FA0081FEF4 /* Preview Content */,
			);
			path = Capstone;
			sourceTree = "<group>";
		};
		843AA8CE295388FA0081FEF4 /* Preview Content */ = {
			isa = PBXGroup;
			children = (
				843AA8CF295388FA0081FEF4 /* Preview Assets.xcassets */,
			);
			path = "Preview Content";
			sourceTree = "<group>";
		};
		843AA8D8295388FA0081FEF4 /* CapstoneTests */ = {
			isa = PBXGroup;
			children = (
				843AA8D9295388FA0081FEF4 /* CapstoneTests.swift */,
			);
			path = CapstoneTests;
			sourceTree = "<group>";
		};
		843AA8E2295388FA0081FEF4 /* CapstoneUITests */ = {
			isa = PBXGroup;
			children = (
				843AA8E3295388FA0081FEF4 /* CapstoneUITests.swift */,
				843AA8E5295388FA0081FEF4 /* CapstoneUITestsLaunchTests.swift */,
			);
			path = CapstoneUITests;
			sourceTree = "<group>";
		};
		8486C65C2968C71700C98B4C /* Bluetooth */ = {
			isa = PBXGroup;
			children = (
				8486C65F2968C75F00C98B4C /* BluetoothCore.swift */,
			);
			path = Bluetooth;
			sourceTree = "<group>";
		};
		8486C65D2968C72000C98B4C /* Main */ = {
			isa = PBXGroup;
			children = (
				843AA8CA295388FA0081FEF4 /* ContentView.swift */,
				843AA8C8295388FA0081FEF4 /* CapstoneApp.swift */,
			);
			path = Main;
			sourceTree = "<group>";
		};
		8486C65E2968C73500C98B4C /* Resources */ = {
			isa = PBXGroup;
			children = (
				843AA8CC295388FA0081FEF4 /* Assets.xcassets */,
			);
			path = Resources;
			sourceTree = "<group>";
		};
		C2E18074ED4EDEB5F4EDC725 /* Pods */ = {
			isa = PBXGroup;
			children = (
				FA289145898DD914B7497CBD /* Pods-Capstone.debug.xcconfig */,
				8CDC1BF2866900943C06D4F1 /* Pods-Capstone.release.xcconfig */,
				68A4882CD4B26BA1A8FB0463 /* Pods-Capstone-CapstoneUITests.debug.xcconfig */,
				8A100B3E73CB00DCD5A4999F /* Pods-Capstone-CapstoneUITests.release.xcconfig */,
				2C0DA246278988E351A227AF /* Pods-CapstoneTests.debug.xcconfig */,
				AF4AFF396BD462FBECE427A8 /* Pods-CapstoneTests.release.xcconfig */,
			);
			name = Pods;
			path = Pods;
			sourceTree = "<group>";
		};
/* End PBXGroup section */

/* Begin PBXNativeTarget section */
		843AA8C4295388FA0081FEF4 /* Capstone */ = {
			isa = PBXNativeTarget;
			buildConfigurationList = 843AA8E9295388FA0081FEF4 /* Build configuration list for PBXNativeTarget "Capstone" */;
			buildPhases = (
				D3ADC85B1E5588DB4DF65761 /* [CP] Check Pods Manifest.lock */,
				843AA8C1295388FA0081FEF4 /* Sources */,
				843AA8C2295388FA0081FEF4 /* Frameworks */,
				843AA8C3295388FA0081FEF4 /* Resources */,
				A9EE286C32CD2A0C4011442C /* [CP] Embed Pods Frameworks */,
			);
			buildRules = (
			);
			dependencies = (
			);
			name = Capstone;
			productName = Capstone;
			productReference = 843AA8C5295388FA0081FEF4 /* Capstone.app */;
			productType = "com.apple.product-type.application";
		};
		843AA8D4295388FA0081FEF4 /* CapstoneTests */ = {
			isa = PBXNativeTarget;
			buildConfigurationList = 843AA8EC295388FA0081FEF4 /* Build configuration list for PBXNativeTarget "CapstoneTests" */;
			buildPhases = (
				7CDCBBC2B8C2EECAC5B140A4 /* [CP] Check Pods Manifest.lock */,
				843AA8D1295388FA0081FEF4 /* Sources */,
				843AA8D2295388FA0081FEF4 /* Frameworks */,
				843AA8D3295388FA0081FEF4 /* Resources */,
			);
			buildRules = (
			);
			dependencies = (
				843AA8D7295388FA0081FEF4 /* PBXTargetDependency */,
			);
			name = CapstoneTests;
			productName = CapstoneTests;
			productReference = 843AA8D5295388FA0081FEF4 /* CapstoneTests.xctest */;
			productType = "com.apple.product-type.bundle.unit-test";
		};
		843AA8DE295388FA0081FEF4 /* CapstoneUITests */ = {
			isa = PBXNativeTarget;
			buildConfigurationList = 843AA8EF295388FA0081FEF4 /* Build configuration list for PBXNativeTarget "CapstoneUITests" */;
			buildPhases = (
				286574CB8B02FEB76FD9FBEC /* [CP] Check Pods Manifest.lock */,
				843AA8DB295388FA0081FEF4 /* Sources */,
				843AA8DC295388FA0081FEF4 /* Frameworks */,
				843AA8DD295388FA0081FEF4 /* Resources */,
				AD63D698C248B5A0A252D304 /* [CP] Embed Pods Frameworks */,
			);
			buildRules = (
			);
			dependencies = (
				843AA8E1295388FA0081FEF4 /* PBXTargetDependency */,
			);
			name = CapstoneUITests;
			productName = CapstoneUITests;
			productReference = 843AA8DF295388FA0081FEF4 /* CapstoneUITests.xctest */;
			productType = "com.apple.product-type.bundle.ui-testing";
		};
/* End PBXNativeTarget section */

/* Begin PBXProject section */
		843AA8BD295388FA0081FEF4 /* Project object */ = {
			isa = PBXProject;
			attributes = {
				BuildIndependentTargetsInParallel = 1;
				LastSwiftUpdateCheck = 1420;
				LastUpgradeCheck = 1420;
				TargetAttributes = {
					843AA8C4295388FA0081FEF4 = {
						CreatedOnToolsVersion = 14.2;
					};
					843AA8D4295388FA0081FEF4 = {
						CreatedOnToolsVersion = 14.2;
						TestTargetID = 843AA8C4295388FA0081FEF4;
					};
					843AA8DE295388FA0081FEF4 = {
						CreatedOnToolsVersion = 14.2;
						TestTargetID = 843AA8C4295388FA0081FEF4;
					};
				};
			};
			buildConfigurationList = 843AA8C0295388FA0081FEF4 /* Build configuration list for PBXProject "Capstone" */;
			compatibilityVersion = "Xcode 14.0";
			developmentRegion = en;
			hasScannedForEncodings = 0;
			knownRegions = (
				en,
				Base,
			);
			mainGroup = 843AA8BC295388FA0081FEF4;
			productRefGroup = 843AA8C6295388FA0081FEF4 /* Products */;
			projectDirPath = "";
			projectRoot = "";
			targets = (
				843AA8C4295388FA0081FEF4 /* Capstone */,
				843AA8D4295388FA0081FEF4 /* CapstoneTests */,
				843AA8DE295388FA0081FEF4 /* CapstoneUITests */,
			);
		};
/* End PBXProject section */

/* Begin PBXResourcesBuildPhase section */
		843AA8C3295388FA0081FEF4 /* Resources */ = {
			isa = PBXResourcesBuildPhase;
			buildActionMask = 2147483647;
			files = (
				843AA8D0295388FA0081FEF4 /* Preview Assets.xcassets in Resources */,
				843AA8CD295388FA0081FEF4 /* Assets.xcassets in Resources */,
			);
			runOnlyForDeploymentPostprocessing = 0;
		};
		843AA8D3295388FA0081FEF4 /* Resources */ = {
			isa = PBXResourcesBuildPhase;
			buildActionMask = 2147483647;
			files = (
			);
			runOnlyForDeploymentPostprocessing = 0;
		};
		843AA8DD295388FA0081FEF4 /* Resources */ = {
			isa = PBXResourcesBuildPhase;
			buildActionMask = 2147483647;
			files = (
			);
			runOnlyForDeploymentPostprocessing = 0;
		};
/* End PBXResourcesBuildPhase section */

/* Begin PBXShellScriptBuildPhase section */
		286574CB8B02FEB76FD9FBEC /* [CP] Check Pods Manifest.lock */ = {
			isa = PBXShellScriptBuildPhase;
			buildActionMask = 2147483647;
			files = (
			);
			inputFileListPaths = (
			);
			inputPaths = (
				"${PODS_PODFILE_DIR_PATH}/Podfile.lock",
				"${PODS_ROOT}/Manifest.lock",
			);
			name = "[CP] Check Pods Manifest.lock";
			outputFileListPaths = (
			);
			outputPaths = (
				"$(DERIVED_FILE_DIR)/Pods-Capstone-CapstoneUITests-checkManifestLockResult.txt",
			);
			runOnlyForDeploymentPostprocessing = 0;
			shellPath = /bin/sh;
			shellScript = "diff \"${PODS_PODFILE_DIR_PATH}/Podfile.lock\" \"${PODS_ROOT}/Manifest.lock\" > /dev/null\nif [ $? != 0 ] ; then\n    # print error to STDERR\n    echo \"error: The sandbox is not in sync with the Podfile.lock. Run 'pod install' or update your CocoaPods installation.\" >&2\n    exit 1\nfi\n# This output is used by Xcode 'outputs' to avoid re-running this script phase.\necho \"SUCCESS\" > \"${SCRIPT_OUTPUT_FILE_0}\"\n";
			showEnvVarsInLog = 0;
		};
		7CDCBBC2B8C2EECAC5B140A4 /* [CP] Check Pods Manifest.lock */ = {
			isa = PBXShellScriptBuildPhase;
			buildActionMask = 2147483647;
			files = (
			);
			inputFileListPaths = (
			);
			inputPaths = (
				"${PODS_PODFILE_DIR_PATH}/Podfile.lock",
				"${PODS_ROOT}/Manifest.lock",
			);
			name = "[CP] Check Pods Manifest.lock";
			outputFileListPaths = (
			);
			outputPaths = (
				"$(DERIVED_FILE_DIR)/Pods-CapstoneTests-checkManifestLockResult.txt",
			);
			runOnlyForDeploymentPostprocessing = 0;
			shellPath = /bin/sh;
			shellScript = "diff \"${PODS_PODFILE_DIR_PATH}/Podfile.lock\" \"${PODS_ROOT}/Manifest.lock\" > /dev/null\nif [ $? != 0 ] ; then\n    # print error to STDERR\n    echo \"error: The sandbox is not in sync with the Podfile.lock. Run 'pod install' or update your CocoaPods installation.\" >&2\n    exit 1\nfi\n# This output is used by Xcode 'outputs' to avoid re-running this script phase.\necho \"SUCCESS\" > \"${SCRIPT_OUTPUT_FILE_0}\"\n";
			showEnvVarsInLog = 0;
		};
		A9EE286C32CD2A0C4011442C /* [CP] Embed Pods Frameworks */ = {
			isa = PBXShellScriptBuildPhase;
			buildActionMask = 2147483647;
			files = (
			);
			inputFileListPaths = (
				"${PODS_ROOT}/Target Support Files/Pods-Capstone/Pods-Capstone-frameworks-${CONFIGURATION}-input-files.xcfilelist",
			);
			name = "[CP] Embed Pods Frameworks";
			outputFileListPaths = (
				"${PODS_ROOT}/Target Support Files/Pods-Capstone/Pods-Capstone-frameworks-${CONFIGURATION}-output-files.xcfilelist",
			);
			runOnlyForDeploymentPostprocessing = 0;
			shellPath = /bin/sh;
			shellScript = "\"${PODS_ROOT}/Target Support Files/Pods-Capstone/Pods-Capstone-frameworks.sh\"\n";
			showEnvVarsInLog = 0;
		};
		AD63D698C248B5A0A252D304 /* [CP] Embed Pods Frameworks */ = {
			isa = PBXShellScriptBuildPhase;
			buildActionMask = 2147483647;
			files = (
			);
			inputFileListPaths = (
				"${PODS_ROOT}/Target Support Files/Pods-Capstone-CapstoneUITests/Pods-Capstone-CapstoneUITests-frameworks-${CONFIGURATION}-input-files.xcfilelist",
			);
			name = "[CP] Embed Pods Frameworks";
			outputFileListPaths = (
				"${PODS_ROOT}/Target Support Files/Pods-Capstone-CapstoneUITests/Pods-Capstone-CapstoneUITests-frameworks-${CONFIGURATION}-output-files.xcfilelist",
			);
			runOnlyForDeploymentPostprocessing = 0;
			shellPath = /bin/sh;
			shellScript = "\"${PODS_ROOT}/Target Support Files/Pods-Capstone-CapstoneUITests/Pods-Capstone-CapstoneUITests-frameworks.sh\"\n";
			showEnvVarsInLog = 0;
		};
		D3ADC85B1E5588DB4DF65761 /* [CP] Check Pods Manifest.lock */ = {
			isa = PBXShellScriptBuildPhase;
			buildActionMask = 2147483647;
			files = (
			);
			inputFileListPaths = (
			);
			inputPaths = (
				"${PODS_PODFILE_DIR_PATH}/Podfile.lock",
				"${PODS_ROOT}/Manifest.lock",
			);
			name = "[CP] Check Pods Manifest.lock";
			outputFileListPaths = (
			);
			outputPaths = (
				"$(DERIVED_FILE_DIR)/Pods-Capstone-checkManifestLockResult.txt",
			);
			runOnlyForDeploymentPostprocessing = 0;
			shellPath = /bin/sh;
			shellScript = "diff \"${PODS_PODFILE_DIR_PATH}/Podfile.lock\" \"${PODS_ROOT}/Manifest.lock\" > /dev/null\nif [ $? != 0 ] ; then\n    # print error to STDERR\n    echo \"error: The sandbox is not in sync with the Podfile.lock. Run 'pod install' or update your CocoaPods installation.\" >&2\n    exit 1\nfi\n# This output is used by Xcode 'outputs' to avoid re-running this script phase.\necho \"SUCCESS\" > \"${SCRIPT_OUTPUT_FILE_0}\"\n";
			showEnvVarsInLog = 0;
		};
/* End PBXShellScriptBuildPhase section */

/* Begin PBXSourcesBuildPhase section */
		843AA8C1295388FA0081FEF4 /* Sources */ = {
			isa = PBXSourcesBuildPhase;
			buildActionMask = 2147483647;
			files = (
				843AA8CB295388FA0081FEF4 /* ContentView.swift in Sources */,
				8486C6602968C75F00C98B4C /* BluetoothCore.swift in Sources */,
				843AA8C9295388FA0081FEF4 /* CapstoneApp.swift in Sources */,
			);
			runOnlyForDeploymentPostprocessing = 0;
		};
		843AA8D1295388FA0081FEF4 /* Sources */ = {
			isa = PBXSourcesBuildPhase;
			buildActionMask = 2147483647;
			files = (
				843AA8DA295388FA0081FEF4 /* CapstoneTests.swift in Sources */,
			);
			runOnlyForDeploymentPostprocessing = 0;
		};
		843AA8DB295388FA0081FEF4 /* Sources */ = {
			isa = PBXSourcesBuildPhase;
			buildActionMask = 2147483647;
			files = (
				843AA8E6295388FA0081FEF4 /* CapstoneUITestsLaunchTests.swift in Sources */,
				843AA8E4295388FA0081FEF4 /* CapstoneUITests.swift in Sources */,
			);
			runOnlyForDeploymentPostprocessing = 0;
		};
/* End PBXSourcesBuildPhase section */

/* Begin PBXTargetDependency section */
		843AA8D7295388FA0081FEF4 /* PBXTargetDependency */ = {
			isa = PBXTargetDependency;
			target = 843AA8C4295388FA0081FEF4 /* Capstone */;
			targetProxy = 843AA8D6295388FA0081FEF4 /* PBXContainerItemProxy */;
		};
		843AA8E1295388FA0081FEF4 /* PBXTargetDependency */ = {
			isa = PBXTargetDependency;
			target = 843AA8C4295388FA0081FEF4 /* Capstone */;
			targetProxy = 843AA8E0295388FA0081FEF4 /* PBXContainerItemProxy */;
		};
/* End PBXTargetDependency section */

/* Begin XCBuildConfiguration section */
		843AA8E7295388FA0081FEF4 /* Debug */ = {
			isa = XCBuildConfiguration;
			buildSettings = {
				ALWAYS_SEARCH_USER_PATHS = NO;
				CLANG_ANALYZER_NONNULL = YES;
				CLANG_ANALYZER_NUMBER_OBJECT_CONVERSION = YES_AGGRESSIVE;
				CLANG_CXX_LANGUAGE_STANDARD = "gnu++20";
				CLANG_ENABLE_MODULES = YES;
				CLANG_ENABLE_OBJC_ARC = YES;
				CLANG_ENABLE_OBJC_WEAK = YES;
				CLANG_WARN_BLOCK_CAPTURE_AUTORELEASING = YES;
				CLANG_WARN_BOOL_CONVERSION = YES;
				CLANG_WARN_COMMA = YES;
				CLANG_WARN_CONSTANT_CONVERSION = YES;
				CLANG_WARN_DEPRECATED_OBJC_IMPLEMENTATIONS = YES;
				CLANG_WARN_DIRECT_OBJC_ISA_USAGE = YES_ERROR;
				CLANG_WARN_DOCUMENTATION_COMMENTS = YES;
				CLANG_WARN_EMPTY_BODY = YES;
				CLANG_WARN_ENUM_CONVERSION = YES;
				CLANG_WARN_INFINITE_RECURSION = YES;
				CLANG_WARN_INT_CONVERSION = YES;
				CLANG_WARN_NON_LITERAL_NULL_CONVERSION = YES;
				CLANG_WARN_OBJC_IMPLICIT_RETAIN_SELF = YES;
				CLANG_WARN_OBJC_LITERAL_CONVERSION = YES;
				CLANG_WARN_OBJC_ROOT_CLASS = YES_ERROR;
				CLANG_WARN_QUOTED_INCLUDE_IN_FRAMEWORK_HEADER = YES;
				CLANG_WARN_RANGE_LOOP_ANALYSIS = YES;
				CLANG_WARN_STRICT_PROTOTYPES = YES;
				CLANG_WARN_SUSPICIOUS_MOVE = YES;
				CLANG_WARN_UNGUARDED_AVAILABILITY = YES_AGGRESSIVE;
				CLANG_WARN_UNREACHABLE_CODE = YES;
				CLANG_WARN__DUPLICATE_METHOD_MATCH = YES;
				COPY_PHASE_STRIP = NO;
				DEBUG_INFORMATION_FORMAT = dwarf;
				ENABLE_STRICT_OBJC_MSGSEND = YES;
				ENABLE_TESTABILITY = YES;
				GCC_C_LANGUAGE_STANDARD = gnu11;
				GCC_DYNAMIC_NO_PIC = NO;
				GCC_NO_COMMON_BLOCKS = YES;
				GCC_OPTIMIZATION_LEVEL = 0;
				GCC_PREPROCESSOR_DEFINITIONS = (
					"DEBUG=1",
					"$(inherited)",
				);
				GCC_WARN_64_TO_32_BIT_CONVERSION = YES;
				GCC_WARN_ABOUT_RETURN_TYPE = YES_ERROR;
				GCC_WARN_UNDECLARED_SELECTOR = YES;
				GCC_WARN_UNINITIALIZED_AUTOS = YES_AGGRESSIVE;
				GCC_WARN_UNUSED_FUNCTION = YES;
				GCC_WARN_UNUSED_VARIABLE = YES;
				IPHONEOS_DEPLOYMENT_TARGET = 16.2;
				MTL_ENABLE_DEBUG_INFO = INCLUDE_SOURCE;
				MTL_FAST_MATH = YES;
				ONLY_ACTIVE_ARCH = YES;
				SDKROOT = iphoneos;
				SWIFT_ACTIVE_COMPILATION_CONDITIONS = DEBUG;
				SWIFT_OPTIMIZATION_LEVEL = "-Onone";
			};
			name = Debug;
		};
		843AA8E8295388FA0081FEF4 /* Release */ = {
			isa = XCBuildConfiguration;
			buildSettings = {
				ALWAYS_SEARCH_USER_PATHS = NO;
				CLANG_ANALYZER_NONNULL = YES;
				CLANG_ANALYZER_NUMBER_OBJECT_CONVERSION = YES_AGGRESSIVE;
				CLANG_CXX_LANGUAGE_STANDARD = "gnu++20";
				CLANG_ENABLE_MODULES = YES;
				CLANG_ENABLE_OBJC_ARC = YES;
				CLANG_ENABLE_OBJC_WEAK = YES;
				CLANG_WARN_BLOCK_CAPTURE_AUTORELEASING = YES;
				CLANG_WARN_BOOL_CONVERSION = YES;
				CLANG_WARN_COMMA = YES;
				CLANG_WARN_CONSTANT_CONVERSION = YES;
				CLANG_WARN_DEPRECATED_OBJC_IMPLEMENTATIONS = YES;
				CLANG_WARN_DIRECT_OBJC_ISA_USAGE = YES_ERROR;
				CLANG_WARN_DOCUMENTATION_COMMENTS = YES;
				CLANG_WARN_EMPTY_BODY = YES;
				CLANG_WARN_ENUM_CONVERSION = YES;
				CLANG_WARN_INFINITE_RECURSION = YES;
				CLANG_WARN_INT_CONVERSION = YES;
				CLANG_WARN_NON_LITERAL_NULL_CONVERSION = YES;
				CLANG_WARN_OBJC_IMPLICIT_RETAIN_SELF = YES;
				CLANG_WARN_OBJC_LITERAL_CONVERSION = YES;
				CLANG_WARN_OBJC_ROOT_CLASS = YES_ERROR;
				CLANG_WARN_QUOTED_INCLUDE_IN_FRAMEWORK_HEADER = YES;
				CLANG_WARN_RANGE_LOOP_ANALYSIS = YES;
				CLANG_WARN_STRICT_PROTOTYPES = YES;
				CLANG_WARN_SUSPICIOUS_MOVE = YES;
				CLANG_WARN_UNGUARDED_AVAILABILITY = YES_AGGRESSIVE;
				CLANG_WARN_UNREACHABLE_CODE = YES;
				CLANG_WARN__DUPLICATE_METHOD_MATCH = YES;
				COPY_PHASE_STRIP = NO;
				DEBUG_INFORMATION_FORMAT = "dwarf-with-dsym";
				ENABLE_NS_ASSERTIONS = NO;
				ENABLE_STRICT_OBJC_MSGSEND = YES;
				GCC_C_LANGUAGE_STANDARD = gnu11;
				GCC_NO_COMMON_BLOCKS = YES;
				GCC_WARN_64_TO_32_BIT_CONVERSION = YES;
				GCC_WARN_ABOUT_RETURN_TYPE = YES_ERROR;
				GCC_WARN_UNDECLARED_SELECTOR = YES;
				GCC_WARN_UNINITIALIZED_AUTOS = YES_AGGRESSIVE;
				GCC_WARN_UNUSED_FUNCTION = YES;
				GCC_WARN_UNUSED_VARIABLE = YES;
				IPHONEOS_DEPLOYMENT_TARGET = 16.2;
				MTL_ENABLE_DEBUG_INFO = NO;
				MTL_FAST_MATH = YES;
				SDKROOT = iphoneos;
				SWIFT_COMPILATION_MODE = wholemodule;
				SWIFT_OPTIMIZATION_LEVEL = "-O";
				VALIDATE_PRODUCT = YES;
			};
			name = Release;
		};
		843AA8EA295388FA0081FEF4 /* Debug */ = {
			isa = XCBuildConfiguration;
			baseConfigurationReference = FA289145898DD914B7497CBD /* Pods-Capstone.debug.xcconfig */;
			buildSettings = {
				ASSETCATALOG_COMPILER_APPICON_NAME = AppIcon;
				ASSETCATALOG_COMPILER_GLOBAL_ACCENT_COLOR_NAME = AccentColor;
				CODE_SIGN_STYLE = Automatic;
				CURRENT_PROJECT_VERSION = 1;
				DEVELOPMENT_ASSET_PATHS = "\"Capstone/Preview Content\"";
				DEVELOPMENT_TEAM = P6RL7NNVTY;
				ENABLE_PREVIEWS = YES;
				GENERATE_INFOPLIST_FILE = YES;
				INFOPLIST_KEY_UIApplicationSceneManifest_Generation = YES;
				INFOPLIST_KEY_UIApplicationSupportsIndirectInputEvents = YES;
				INFOPLIST_KEY_UILaunchScreen_Generation = YES;
				INFOPLIST_KEY_UISupportedInterfaceOrientations_iPad = "UIInterfaceOrientationPortrait UIInterfaceOrientationPortraitUpsideDown UIInterfaceOrientationLandscapeLeft UIInterfaceOrientationLandscapeRight";
				INFOPLIST_KEY_UISupportedInterfaceOrientations_iPhone = "UIInterfaceOrientationPortrait UIInterfaceOrientationLandscapeLeft UIInterfaceOrientationLandscapeRight";
				LD_RUNPATH_SEARCH_PATHS = (
					"$(inherited)",
					"@executable_path/Frameworks",
				);
				MARKETING_VERSION = 1.0;
				PRODUCT_BUNDLE_IDENTIFIER = com.Ankar.Kieram.Capstone;
				PRODUCT_NAME = "$(TARGET_NAME)";
				SWIFT_EMIT_LOC_STRINGS = YES;
				SWIFT_VERSION = 5.0;
				TARGETED_DEVICE_FAMILY = "1,2";
			};
			name = Debug;
		};
		843AA8EB295388FA0081FEF4 /* Release */ = {
			isa = XCBuildConfiguration;
			baseConfigurationReference = 8CDC1BF2866900943C06D4F1 /* Pods-Capstone.release.xcconfig */;
			buildSettings = {
				ASSETCATALOG_COMPILER_APPICON_NAME = AppIcon;
				ASSETCATALOG_COMPILER_GLOBAL_ACCENT_COLOR_NAME = AccentColor;
				CODE_SIGN_STYLE = Automatic;
				CURRENT_PROJECT_VERSION = 1;
				DEVELOPMENT_ASSET_PATHS = "\"Capstone/Preview Content\"";
				DEVELOPMENT_TEAM = P6RL7NNVTY;
				ENABLE_PREVIEWS = YES;
				GENERATE_INFOPLIST_FILE = YES;
				INFOPLIST_KEY_UIApplicationSceneManifest_Generation = YES;
				INFOPLIST_KEY_UIApplicationSupportsIndirectInputEvents = YES;
				INFOPLIST_KEY_UILaunchScreen_Generation = YES;
				INFOPLIST_KEY_UISupportedInterfaceOrientations_iPad = "UIInterfaceOrientationPortrait UIInterfaceOrientationPortraitUpsideDown UIInterfaceOrientationLandscapeLeft UIInterfaceOrientationLandscapeRight";
				INFOPLIST_KEY_UISupportedInterfaceOrientations_iPhone = "UIInterfaceOrientationPortrait UIInterfaceOrientationLandscapeLeft UIInterfaceOrientationLandscapeRight";
				LD_RUNPATH_SEARCH_PATHS = (
					"$(inherited)",
					"@executable_path/Frameworks",
				);
				MARKETING_VERSION = 1.0;
				PRODUCT_BUNDLE_IDENTIFIER = com.Ankar.Kieram.Capstone;
				PRODUCT_NAME = "$(TARGET_NAME)";
				SWIFT_EMIT_LOC_STRINGS = YES;
				SWIFT_VERSION = 5.0;
				TARGETED_DEVICE_FAMILY = "1,2";
			};
			name = Release;
		};
		843AA8ED295388FA0081FEF4 /* Debug */ = {
			isa = XCBuildConfiguration;
			baseConfigurationReference = 2C0DA246278988E351A227AF /* Pods-CapstoneTests.debug.xcconfig */;
			buildSettings = {
				ALWAYS_EMBED_SWIFT_STANDARD_LIBRARIES = YES;
				BUNDLE_LOADER = "$(TEST_HOST)";
				CODE_SIGN_STYLE = Automatic;
				CURRENT_PROJECT_VERSION = 1;
				DEVELOPMENT_TEAM = P6RL7NNVTY;
				GENERATE_INFOPLIST_FILE = YES;
				IPHONEOS_DEPLOYMENT_TARGET = 16.2;
				MARKETING_VERSION = 1.0;
				PRODUCT_BUNDLE_IDENTIFIER = com.Ankar.Kieram.CapstoneTests;
				PRODUCT_NAME = "$(TARGET_NAME)";
				SWIFT_EMIT_LOC_STRINGS = NO;
				SWIFT_VERSION = 5.0;
				TARGETED_DEVICE_FAMILY = "1,2";
				TEST_HOST = "$(BUILT_PRODUCTS_DIR)/Capstone.app/$(BUNDLE_EXECUTABLE_FOLDER_PATH)/Capstone";
			};
			name = Debug;
		};
		843AA8EE295388FA0081FEF4 /* Release */ = {
			isa = XCBuildConfiguration;
			baseConfigurationReference = AF4AFF396BD462FBECE427A8 /* Pods-CapstoneTests.release.xcconfig */;
			buildSettings = {
				ALWAYS_EMBED_SWIFT_STANDARD_LIBRARIES = YES;
				BUNDLE_LOADER = "$(TEST_HOST)";
				CODE_SIGN_STYLE = Automatic;
				CURRENT_PROJECT_VERSION = 1;
				DEVELOPMENT_TEAM = P6RL7NNVTY;
				GENERATE_INFOPLIST_FILE = YES;
				IPHONEOS_DEPLOYMENT_TARGET = 16.2;
				MARKETING_VERSION = 1.0;
				PRODUCT_BUNDLE_IDENTIFIER = com.Ankar.Kieram.CapstoneTests;
				PRODUCT_NAME = "$(TARGET_NAME)";
				SWIFT_EMIT_LOC_STRINGS = NO;
				SWIFT_VERSION = 5.0;
				TARGETED_DEVICE_FAMILY = "1,2";
				TEST_HOST = "$(BUILT_PRODUCTS_DIR)/Capstone.app/$(BUNDLE_EXECUTABLE_FOLDER_PATH)/Capstone";
			};
			name = Release;
		};
		843AA8F0295388FA0081FEF4 /* Debug */ = {
			isa = XCBuildConfiguration;
			baseConfigurationReference = 68A4882CD4B26BA1A8FB0463 /* Pods-Capstone-CapstoneUITests.debug.xcconfig */;
			buildSettings = {
				ALWAYS_EMBED_SWIFT_STANDARD_LIBRARIES = YES;
				CODE_SIGN_STYLE = Automatic;
				CURRENT_PROJECT_VERSION = 1;
				GENERATE_INFOPLIST_FILE = YES;
				MARKETING_VERSION = 1.0;
				PRODUCT_BUNDLE_IDENTIFIER = com.Ankar.Kieram.CapstoneUITests;
				PRODUCT_NAME = "$(TARGET_NAME)";
				SWIFT_EMIT_LOC_STRINGS = NO;
				SWIFT_VERSION = 5.0;
				TARGETED_DEVICE_FAMILY = "1,2";
				TEST_TARGET_NAME = Capstone;
			};
			name = Debug;
		};
		843AA8F1295388FA0081FEF4 /* Release */ = {
			isa = XCBuildConfiguration;
			baseConfigurationReference = 8A100B3E73CB00DCD5A4999F /* Pods-Capstone-CapstoneUITests.release.xcconfig */;
			buildSettings = {
				ALWAYS_EMBED_SWIFT_STANDARD_LIBRARIES = YES;
				CODE_SIGN_STYLE = Automatic;
				CURRENT_PROJECT_VERSION = 1;
				GENERATE_INFOPLIST_FILE = YES;
				MARKETING_VERSION = 1.0;
				PRODUCT_BUNDLE_IDENTIFIER = com.Ankar.Kieram.CapstoneUITests;
				PRODUCT_NAME = "$(TARGET_NAME)";
				SWIFT_EMIT_LOC_STRINGS = NO;
				SWIFT_VERSION = 5.0;
				TARGETED_DEVICE_FAMILY = "1,2";
				TEST_TARGET_NAME = Capstone;
			};
			name = Release;
		};
/* End XCBuildConfiguration section */

/* Begin XCConfigurationList section */
		843AA8C0295388FA0081FEF4 /* Build configuration list for PBXProject "Capstone" */ = {
			isa = XCConfigurationList;
			buildConfigurations = (
				843AA8E7295388FA0081FEF4 /* Debug */,
				843AA8E8295388FA0081FEF4 /* Release */,
			);
			defaultConfigurationIsVisible = 0;
			defaultConfigurationName = Release;
		};
		843AA8E9295388FA0081FEF4 /* Build configuration list for PBXNativeTarget "Capstone" */ = {
			isa = XCConfigurationList;
			buildConfigurations = (
				843AA8EA295388FA0081FEF4 /* Debug */,
				843AA8EB295388FA0081FEF4 /* Release */,
			);
			defaultConfigurationIsVisible = 0;
			defaultConfigurationName = Release;
		};
		843AA8EC295388FA0081FEF4 /* Build configuration list for PBXNativeTarget "CapstoneTests" */ = {
			isa = XCConfigurationList;
			buildConfigurations = (
				843AA8ED295388FA0081FEF4 /* Debug */,
				843AA8EE295388FA0081FEF4 /* Release */,
			);
			defaultConfigurationIsVisible = 0;
			defaultConfigurationName = Release;
		};
		843AA8EF295388FA0081FEF4 /* Build configuration list for PBXNativeTarget "CapstoneUITests" */ = {
			isa = XCConfigurationList;
			buildConfigurations = (
				843AA8F0295388FA0081FEF4 /* Debug */,
				843AA8F1295388FA0081FEF4 /* Release */,
			);
			defaultConfigurationIsVisible = 0;
			defaultConfigurationName = Release;
		};
/* End XCConfigurationList section */
	};
	rootObject = 843AA8BD295388FA0081FEF4 /* Project object */;
}
